<?xml version="1.0" encoding="utf-8"?>
<Project ToolsVersion="4.0" xmlns="http://schemas.microsoft.com/developer/msbuild/2003">
  <ItemGroup>
    <Filter Include="Source Files">
      <UniqueIdentifier>{f3470ed6-c23d-41e7-9be2-919bf4ccd13f}</UniqueIdentifier>
      <Extensions>cpp;c;cxx;rc;def;r;odl;hpj;bat;for;f90</Extensions>
    </Filter>
    <Filter Include="Header Files">
      <UniqueIdentifier>{85a73d70-52fb-4ccf-bae7-dc52814d58c0}</UniqueIdentifier>
      <Extensions>h;hpp;hxx;hm;inl;fi;fd</Extensions>
    </Filter>
    <Filter Include="zlib">
      <UniqueIdentifier>{8e8e24d1-f42e-4901-8b02-bcb561e31864}</UniqueIdentifier>
    </Filter>
  </ItemGroup>
  <ItemGroup>
    <ClCompile Include="client\cl_cgame.cpp">
      <Filter>Source Files</Filter>
    </ClCompile>
    <ClCompile Include="client\cl_cin.cpp">
      <Filter>Source Files</Filter>
    </ClCompile>
    <ClCompile Include="client\cl_console.cpp">
      <Filter>Source Files</Filter>
    </ClCompile>
    <ClCompile Include="client\cl_input.cpp">
      <Filter>Source Files</Filter>
    </ClCompile>
    <ClCompile Include="client\cl_keys.cpp">
      <Filter>Source Files</Filter>
    </ClCompile>
    <ClCompile Include="client\cl_main.cpp">
      <Filter>Source Files</Filter>
    </ClCompile>
    <ClCompile Include="client\cl_net_chan.cpp">
      <Filter>Source Files</Filter>
    </ClCompile>
    <ClCompile Include="client\cl_parse.cpp">
      <Filter>Source Files</Filter>
    </ClCompile>
    <ClCompile Include="client\cl_scrn.cpp">
      <Filter>Source Files</Filter>
    </ClCompile>
    <ClCompile Include="client\cl_ui.cpp">
      <Filter>Source Files</Filter>
    </ClCompile>
    <ClCompile Include="qcommon\cm_load.cpp">
      <Filter>Source Files</Filter>
    </ClCompile>
    <ClCompile Include="qcommon\cm_patch.cpp">
      <Filter>Source Files</Filter>
    </ClCompile>
    <ClCompile Include="qcommon\cm_polylib.cpp">
      <Filter>Source Files</Filter>
    </ClCompile>
    <ClCompile Include="qcommon\cm_test.cpp">
      <Filter>Source Files</Filter>
    </ClCompile>
    <ClCompile Include="qcommon\cm_trace.cpp">
      <Filter>Source Files</Filter>
    </ClCompile>
    <ClCompile Include="qcommon\cmd.cpp">
      <Filter>Source Files</Filter>
    </ClCompile>
    <ClCompile Include="qcommon\common.cpp">
      <Filter>Source Files</Filter>
    </ClCompile>
    <ClCompile Include="qcommon\cvar.cpp">
      <Filter>Source Files</Filter>
    </ClCompile>
    <ClCompile Include="qcommon\files.cpp">
      <Filter>Source Files</Filter>
    </ClCompile>
    <ClCompile Include="qcommon\huffman.cpp">
      <Filter>Source Files</Filter>
    </ClCompile>
    <ClCompile Include="qcommon\md4.cpp">
      <Filter>Source Files</Filter>
    </ClCompile>
    <ClCompile Include="qcommon\msg.cpp">
      <Filter>Source Files</Filter>
    </ClCompile>
    <ClCompile Include="qcommon\net_chan.cpp">
      <Filter>Source Files</Filter>
    </ClCompile>
    <ClCompile Include="game\q_math.cpp">
      <Filter>Source Files</Filter>
    </ClCompile>
    <ClCompile Include="game\q_shared.cpp">
      <Filter>Source Files</Filter>
    </ClCompile>
    <ClCompile Include="client\snd_adpcm.cpp">
      <Filter>Source Files</Filter>
    </ClCompile>
    <ClCompile Include="client\snd_dma.cpp">
      <Filter>Source Files</Filter>
    </ClCompile>
    <ClCompile Include="client\snd_mem.cpp">
      <Filter>Source Files</Filter>
    </ClCompile>
    <ClCompile Include="client\snd_mix.cpp">
      <Filter>Source Files</Filter>
    </ClCompile>
    <ClCompile Include="client\snd_wavelet.cpp">
      <Filter>Source Files</Filter>
    </ClCompile>
    <ClCompile Include="server\sv_bot.cpp">
      <Filter>Source Files</Filter>
    </ClCompile>
    <ClCompile Include="server\sv_ccmds.cpp">
      <Filter>Source Files</Filter>
    </ClCompile>
    <ClCompile Include="server\sv_client.cpp">
      <Filter>Source Files</Filter>
    </ClCompile>
    <ClCompile Include="server\sv_game.cpp">
      <Filter>Source Files</Filter>
    </ClCompile>
    <ClCompile Include="server\sv_init.cpp">
      <Filter>Source Files</Filter>
    </ClCompile>
    <ClCompile Include="server\sv_main.cpp">
      <Filter>Source Files</Filter>
    </ClCompile>
    <ClCompile Include="server\sv_net_chan.cpp">
      <Filter>Source Files</Filter>
    </ClCompile>
    <ClCompile Include="server\sv_snapshot.cpp">
      <Filter>Source Files</Filter>
    </ClCompile>
    <ClCompile Include="server\sv_world.cpp">
      <Filter>Source Files</Filter>
    </ClCompile>
    <ClCompile Include="qcommon\unzip.cpp">
      <Filter>Source Files</Filter>
    </ClCompile>
    <ClCompile Include="win32\win_input.cpp">
      <Filter>Source Files</Filter>
    </ClCompile>
    <ClCompile Include="win32\win_main.cpp">
      <Filter>Source Files</Filter>
    </ClCompile>
    <ClCompile Include="win32\win_net.cpp">
      <Filter>Source Files</Filter>
    </ClCompile>
    <ClCompile Include="win32\win_shared.cpp">
      <Filter>Source Files</Filter>
    </ClCompile>
    <ClCompile Include="win32\win_snd.cpp">
      <Filter>Source Files</Filter>
    </ClCompile>
    <ClCompile Include="win32\win_syscon.cpp">
      <Filter>Source Files</Filter>
    </ClCompile>
    <ClCompile Include="win32\win_wndproc.cpp">
      <Filter>Source Files</Filter>
    </ClCompile>
    <ClCompile Include="qcommon\zone.cpp">
      <Filter>Source Files</Filter>
    </ClCompile>
    <ClCompile Include="zlib\adler32.c">
      <Filter>zlib</Filter>
    </ClCompile>
    <ClCompile Include="zlib\compress.c">
      <Filter>zlib</Filter>
    </ClCompile>
    <ClCompile Include="zlib\crc32.c">
      <Filter>zlib</Filter>
    </ClCompile>
    <ClCompile Include="zlib\deflate.c">
      <Filter>zlib</Filter>
    </ClCompile>
    <ClCompile Include="zlib\gzclose.c">
      <Filter>zlib</Filter>
    </ClCompile>
    <ClCompile Include="zlib\gzlib.c">
      <Filter>zlib</Filter>
    </ClCompile>
    <ClCompile Include="zlib\gzread.c">
      <Filter>zlib</Filter>
    </ClCompile>
    <ClCompile Include="zlib\gzwrite.c">
      <Filter>zlib</Filter>
    </ClCompile>
    <ClCompile Include="zlib\infback.c">
      <Filter>zlib</Filter>
    </ClCompile>
    <ClCompile Include="zlib\inffast.c">
      <Filter>zlib</Filter>
    </ClCompile>
    <ClCompile Include="zlib\inflate.c">
      <Filter>zlib</Filter>
    </ClCompile>
    <ClCompile Include="zlib\inftrees.c">
      <Filter>zlib</Filter>
    </ClCompile>
    <ClCompile Include="zlib\trees.c">
      <Filter>zlib</Filter>
    </ClCompile>
    <ClCompile Include="zlib\uncompr.c">
      <Filter>zlib</Filter>
    </ClCompile>
    <ClCompile Include="zlib\zutil.c">
      <Filter>zlib</Filter>
    </ClCompile>
  </ItemGroup>
  <ItemGroup>
    <ClInclude Include="A3D\a3dWrapperdp.h">
      <Filter>Header Files</Filter>
    </ClInclude>
    <ClInclude Include="game\bg_public.h">
      <Filter>Header Files</Filter>
    </ClInclude>
    <ClInclude Include="botai\botai.h">
      <Filter>Header Files</Filter>
    </ClInclude>
    <ClInclude Include="game\botlib.h">
      <Filter>Header Files</Filter>
    </ClInclude>
    <ClInclude Include="cgame\cg_public.h">
      <Filter>Header Files</Filter>
    </ClInclude>
    <ClInclude Include="client\client.h">
      <Filter>Header Files</Filter>
    </ClInclude>
    <ClInclude Include="qcommon\cm_local.h">
      <Filter>Header Files</Filter>
    </ClInclude>
    <ClInclude Include="qcommon\cm_patch.h">
      <Filter>Header Files</Filter>
    </ClInclude>
    <ClInclude Include="qcommon\cm_polylib.h">
      <Filter>Header Files</Filter>
    </ClInclude>
    <ClInclude Include="qcommon\cm_public.h">
      <Filter>Header Files</Filter>
    </ClInclude>
    <ClInclude Include="game\g_public.h">
      <Filter>Header Files</Filter>
    </ClInclude>
    <ClInclude Include="A3D\ia3dapi.h">
      <Filter>Header Files</Filter>
    </ClInclude>
    <ClInclude Include="ui\keycodes.h">
      <Filter>Header Files</Filter>
    </ClInclude>
    <ClInclude Include="client\keys.h">
      <Filter>Header Files</Filter>
    </ClInclude>
    <ClInclude Include="game\q_shared.h">
      <Filter>Header Files</Filter>
    </ClInclude>
    <ClInclude Include="qcommon\qcommon.h">
      <Filter>Header Files</Filter>
    </ClInclude>
    <ClInclude Include="qcommon\qfiles.h">
      <Filter>Header Files</Filter>
    </ClInclude>
    <ClInclude Include="renderer\qgl.h">
      <Filter>Header Files</Filter>
    </ClInclude>
    <ClInclude Include="server\server.h">
      <Filter>Header Files</Filter>
    </ClInclude>
    <ClInclude Include="A3D\snd_A3D.h">
      <Filter>Header Files</Filter>
    </ClInclude>
    <ClInclude Include="A3D\snd_a3dg.h">
      <Filter>Header Files</Filter>
    </ClInclude>
    <ClInclude Include="client\snd_local.h">
      <Filter>Header Files</Filter>
    </ClInclude>
    <ClInclude Include="client\snd_public.h">
      <Filter>Header Files</Filter>
    </ClInclude>
    <ClInclude Include="game\surfaceflags.h">
      <Filter>Header Files</Filter>
    </ClInclude>
    <ClInclude Include="renderer\tr_local.h">
      <Filter>Header Files</Filter>
    </ClInclude>
    <ClInclude Include="renderer\tr_public.h">
      <Filter>Header Files</Filter>
    </ClInclude>
    <ClInclude Include="cgame\tr_types.h">
      <Filter>Header Files</Filter>
    </ClInclude>
    <ClInclude Include="ui\ui_public.h">
      <Filter>Header Files</Filter>
    </ClInclude>
    <ClInclude Include="qcommon\unzip.h">
      <Filter>Header Files</Filter>
    </ClInclude>
    <ClInclude Include="win32\win_local.h">
      <Filter>Header Files</Filter>
    </ClInclude>
    <ClInclude Include="zlib\crc32.h">
      <Filter>zlib</Filter>
    </ClInclude>
    <ClInclude Include="zlib\deflate.h">
      <Filter>zlib</Filter>
    </ClInclude>
    <ClInclude Include="zlib\gzguts.h">
      <Filter>zlib</Filter>
    </ClInclude>
    <ClInclude Include="zlib\inffast.h">
      <Filter>zlib</Filter>
    </ClInclude>
    <ClInclude Include="zlib\inffixed.h">
      <Filter>zlib</Filter>
    </ClInclude>
    <ClInclude Include="zlib\inflate.h">
      <Filter>zlib</Filter>
    </ClInclude>
    <ClInclude Include="zlib\inftrees.h">
      <Filter>zlib</Filter>
    </ClInclude>
    <ClInclude Include="zlib\trees.h">
      <Filter>zlib</Filter>
    </ClInclude>
    <ClInclude Include="zlib\zconf.h">
      <Filter>zlib</Filter>
    </ClInclude>
    <ClInclude Include="zlib\zlib.h">
      <Filter>zlib</Filter>
    </ClInclude>
    <ClInclude Include="zlib\zutil.h">
      <Filter>zlib</Filter>
    </ClInclude>
  </ItemGroup>
  <ItemGroup>
    <ResourceCompile Include="win32\winquake.rc">
      <Filter>Source Files</Filter>
    </ResourceCompile>
  </ItemGroup>
</Project>